// !$*UTF8*$!
{
	archiveVersion = 1;
	classes = {
	};
	objectVersion = 56;
	objects = {

/* Begin PBXBuildFile section */
		CB3A6A6F29A92C4C00FA20B0 /* Callout.swift in Sources */ = {isa = PBXBuildFile; fileRef = CB3A6A6E29A92C4C00FA20B0 /* Callout.swift */; };
		CB3A6A7229A955BA00FA20B0 /* Kingfisher in Frameworks */ = {isa = PBXBuildFile; productRef = CB3A6A7129A955BA00FA20B0 /* Kingfisher */; };
		CB3A6A7429ABDA4500FA20B0 /* Annotation.swift in Sources */ = {isa = PBXBuildFile; fileRef = CB3A6A7329ABDA4500FA20B0 /* Annotation.swift */; };
		CB4E56BD299BA63700BB2E0F /* AppDelegate.swift in Sources */ = {isa = PBXBuildFile; fileRef = CB4E56BC299BA63700BB2E0F /* AppDelegate.swift */; };
		CB4E56BF299BA63700BB2E0F /* SceneDelegate.swift in Sources */ = {isa = PBXBuildFile; fileRef = CB4E56BE299BA63700BB2E0F /* SceneDelegate.swift */; };
		CB4E56C9299BA63900BB2E0F /* Assets.xcassets in Resources */ = {isa = PBXBuildFile; fileRef = CB4E56C8299BA63900BB2E0F /* Assets.xcassets */; };
		CB4E56CC299BA63900BB2E0F /* LaunchScreen.storyboard in Resources */ = {isa = PBXBuildFile; fileRef = CB4E56CA299BA63900BB2E0F /* LaunchScreen.storyboard */; };
		CB4E56D7299BA63900BB2E0F /* practica_ios_avanzadoTests.swift in Sources */ = {isa = PBXBuildFile; fileRef = CB4E56D6299BA63900BB2E0F /* practica_ios_avanzadoTests.swift */; };
		CB4E56E1299BA63900BB2E0F /* practica_ios_avanzadoUITests.swift in Sources */ = {isa = PBXBuildFile; fileRef = CB4E56E0299BA63900BB2E0F /* practica_ios_avanzadoUITests.swift */; };
		CB4E56E3299BA63900BB2E0F /* practica_ios_avanzadoUITestsLaunchTests.swift in Sources */ = {isa = PBXBuildFile; fileRef = CB4E56E2299BA63900BB2E0F /* practica_ios_avanzadoUITestsLaunchTests.swift */; };
		CB4E56F7299BAB6D00BB2E0F /* TableViewController.swift in Sources */ = {isa = PBXBuildFile; fileRef = CB4E56F5299BAB6D00BB2E0F /* TableViewController.swift */; };
		CB4E56F8299BAB6D00BB2E0F /* TableViewController.xib in Resources */ = {isa = PBXBuildFile; fileRef = CB4E56F6299BAB6D00BB2E0F /* TableViewController.xib */; };
		CB4E5702299BB4C500BB2E0F /* Extensions.swift in Sources */ = {isa = PBXBuildFile; fileRef = CB4E5701299BB4C500BB2E0F /* Extensions.swift */; };
		CB4E5705299BB61F00BB2E0F /* TabBarController.swift in Sources */ = {isa = PBXBuildFile; fileRef = CB4E5704299BB61F00BB2E0F /* TabBarController.swift */; };
		CB4E570A299BB6C200BB2E0F /* UserViewController.swift in Sources */ = {isa = PBXBuildFile; fileRef = CB4E5708299BB6C200BB2E0F /* UserViewController.swift */; };
		CB4E570B299BB6C200BB2E0F /* UserViewController.xib in Resources */ = {isa = PBXBuildFile; fileRef = CB4E5709299BB6C200BB2E0F /* UserViewController.xib */; };
		CB4E570F299BBB6F00BB2E0F /* DetailViewController.swift in Sources */ = {isa = PBXBuildFile; fileRef = CB4E570D299BBB6F00BB2E0F /* DetailViewController.swift */; };
		CB4E5710299BBB6F00BB2E0F /* DetailViewController.xib in Resources */ = {isa = PBXBuildFile; fileRef = CB4E570E299BBB6F00BB2E0F /* DetailViewController.xib */; };
		CB4E5714299BBC9A00BB2E0F /* Network.swift in Sources */ = {isa = PBXBuildFile; fileRef = CB4E5713299BBC9A00BB2E0F /* Network.swift */; };
		CB4E5718299BBD1200BB2E0F /* MapViewController.swift in Sources */ = {isa = PBXBuildFile; fileRef = CB4E5716299BBD1200BB2E0F /* MapViewController.swift */; };
		CB4E5719299BBD1200BB2E0F /* MapViewController.xib in Resources */ = {isa = PBXBuildFile; fileRef = CB4E5717299BBD1200BB2E0F /* MapViewController.xib */; };
		CB4E574329A391C100BB2E0F /* LoginViewController.swift in Sources */ = {isa = PBXBuildFile; fileRef = CB4E574129A391C100BB2E0F /* LoginViewController.swift */; };
		CB4E574429A391C100BB2E0F /* LoginViewController.xib in Resources */ = {isa = PBXBuildFile; fileRef = CB4E574229A391C100BB2E0F /* LoginViewController.xib */; };
		CB4E574629A39D1B00BB2E0F /* KeyChain.swift in Sources */ = {isa = PBXBuildFile; fileRef = CB4E574529A39D1B00BB2E0F /* KeyChain.swift */; };
		CB4E574829A3AD0A00BB2E0F /* LoginViewModel.swift in Sources */ = {isa = PBXBuildFile; fileRef = CB4E574729A3AD0A00BB2E0F /* LoginViewModel.swift */; };
		CB4E574A29A4E6C900BB2E0F /* UserViewModel.swift in Sources */ = {isa = PBXBuildFile; fileRef = CB4E574929A4E6C900BB2E0F /* UserViewModel.swift */; };
		CB4E574C29A4F30400BB2E0F /* CoreData.swift in Sources */ = {isa = PBXBuildFile; fileRef = CB4E574B29A4F30400BB2E0F /* CoreData.swift */; };
		CB4E575429A5047200BB2E0F /* TableViewModel.swift in Sources */ = {isa = PBXBuildFile; fileRef = CB4E575329A5047200BB2E0F /* TableViewModel.swift */; };
		CB4E575629A505FF00BB2E0F /* Heroe.swift in Sources */ = {isa = PBXBuildFile; fileRef = CB4E575529A505FF00BB2E0F /* Heroe.swift */; };
		CB4E575B29A6375500BB2E0F /* HeroeEntity.swift in Sources */ = {isa = PBXBuildFile; fileRef = CB4E575A29A6375400BB2E0F /* HeroeEntity.swift */; };
		CB4E575F29A64BAB00BB2E0F /* TableViewCell.swift in Sources */ = {isa = PBXBuildFile; fileRef = CB4E575D29A64BAB00BB2E0F /* TableViewCell.swift */; };
		CB4E576029A64BAB00BB2E0F /* TableViewCell.xib in Resources */ = {isa = PBXBuildFile; fileRef = CB4E575E29A64BAB00BB2E0F /* TableViewCell.xib */; };
		CB4E576829A6753E00BB2E0F /* practica_ios_avanzado.xcdatamodeld in Sources */ = {isa = PBXBuildFile; fileRef = CB4E576529A6753E00BB2E0F /* practica_ios_avanzado.xcdatamodeld */; };
		CB4E576A29A79E5B00BB2E0F /* MapViewModel.swift in Sources */ = {isa = PBXBuildFile; fileRef = CB4E576929A79E5B00BB2E0F /* MapViewModel.swift */; };
		CB4E576C29A7A76E00BB2E0F /* HeroeLocation.swift in Sources */ = {isa = PBXBuildFile; fileRef = CB4E576B29A7A76E00BB2E0F /* HeroeLocation.swift */; };
/* End PBXBuildFile section */

/* Begin PBXContainerItemProxy section */
		CB4E56D3299BA63900BB2E0F /* PBXContainerItemProxy */ = {
			isa = PBXContainerItemProxy;
			containerPortal = CB4E56B1299BA63700BB2E0F /* Project object */;
			proxyType = 1;
			remoteGlobalIDString = CB4E56B8299BA63700BB2E0F;
			remoteInfo = "practica-ios-avanzado";
		};
		CB4E56DD299BA63900BB2E0F /* PBXContainerItemProxy */ = {
			isa = PBXContainerItemProxy;
			containerPortal = CB4E56B1299BA63700BB2E0F /* Project object */;
			proxyType = 1;
			remoteGlobalIDString = CB4E56B8299BA63700BB2E0F;
			remoteInfo = "practica-ios-avanzado";
		};
/* End PBXContainerItemProxy section */

/* Begin PBXFileReference section */
		CB3A6A6E29A92C4C00FA20B0 /* Callout.swift */ = {isa = PBXFileReference; lastKnownFileType = sourcecode.swift; path = Callout.swift; sourceTree = "<group>"; };
		CB3A6A7329ABDA4500FA20B0 /* Annotation.swift */ = {isa = PBXFileReference; lastKnownFileType = sourcecode.swift; path = Annotation.swift; sourceTree = "<group>"; };
		CB4E56B9299BA63700BB2E0F /* practica-ios-avanzado.app */ = {isa = PBXFileReference; explicitFileType = wrapper.application; includeInIndex = 0; path = "practica-ios-avanzado.app"; sourceTree = BUILT_PRODUCTS_DIR; };
		CB4E56BC299BA63700BB2E0F /* AppDelegate.swift */ = {isa = PBXFileReference; lastKnownFileType = sourcecode.swift; path = AppDelegate.swift; sourceTree = "<group>"; };
		CB4E56BE299BA63700BB2E0F /* SceneDelegate.swift */ = {isa = PBXFileReference; lastKnownFileType = sourcecode.swift; path = SceneDelegate.swift; sourceTree = "<group>"; };
		CB4E56C8299BA63900BB2E0F /* Assets.xcassets */ = {isa = PBXFileReference; lastKnownFileType = folder.assetcatalog; path = Assets.xcassets; sourceTree = "<group>"; };
		CB4E56CB299BA63900BB2E0F /* Base */ = {isa = PBXFileReference; lastKnownFileType = file.storyboard; name = Base; path = Base.lproj/LaunchScreen.storyboard; sourceTree = "<group>"; };
		CB4E56CD299BA63900BB2E0F /* Info.plist */ = {isa = PBXFileReference; lastKnownFileType = text.plist.xml; path = Info.plist; sourceTree = "<group>"; };
		CB4E56D2299BA63900BB2E0F /* practica-ios-avanzadoTests.xctest */ = {isa = PBXFileReference; explicitFileType = wrapper.cfbundle; includeInIndex = 0; path = "practica-ios-avanzadoTests.xctest"; sourceTree = BUILT_PRODUCTS_DIR; };
		CB4E56D6299BA63900BB2E0F /* practica_ios_avanzadoTests.swift */ = {isa = PBXFileReference; lastKnownFileType = sourcecode.swift; path = practica_ios_avanzadoTests.swift; sourceTree = "<group>"; };
		CB4E56DC299BA63900BB2E0F /* practica-ios-avanzadoUITests.xctest */ = {isa = PBXFileReference; explicitFileType = wrapper.cfbundle; includeInIndex = 0; path = "practica-ios-avanzadoUITests.xctest"; sourceTree = BUILT_PRODUCTS_DIR; };
		CB4E56E0299BA63900BB2E0F /* practica_ios_avanzadoUITests.swift */ = {isa = PBXFileReference; lastKnownFileType = sourcecode.swift; path = practica_ios_avanzadoUITests.swift; sourceTree = "<group>"; };
		CB4E56E2299BA63900BB2E0F /* practica_ios_avanzadoUITestsLaunchTests.swift */ = {isa = PBXFileReference; lastKnownFileType = sourcecode.swift; path = practica_ios_avanzadoUITestsLaunchTests.swift; sourceTree = "<group>"; };
		CB4E56F5299BAB6D00BB2E0F /* TableViewController.swift */ = {isa = PBXFileReference; lastKnownFileType = sourcecode.swift; path = TableViewController.swift; sourceTree = "<group>"; };
		CB4E56F6299BAB6D00BB2E0F /* TableViewController.xib */ = {isa = PBXFileReference; lastKnownFileType = file.xib; path = TableViewController.xib; sourceTree = "<group>"; };
		CB4E5701299BB4C500BB2E0F /* Extensions.swift */ = {isa = PBXFileReference; lastKnownFileType = sourcecode.swift; path = Extensions.swift; sourceTree = "<group>"; };
		CB4E5704299BB61F00BB2E0F /* TabBarController.swift */ = {isa = PBXFileReference; lastKnownFileType = sourcecode.swift; path = TabBarController.swift; sourceTree = "<group>"; };
		CB4E5708299BB6C200BB2E0F /* UserViewController.swift */ = {isa = PBXFileReference; lastKnownFileType = sourcecode.swift; path = UserViewController.swift; sourceTree = "<group>"; };
		CB4E5709299BB6C200BB2E0F /* UserViewController.xib */ = {isa = PBXFileReference; lastKnownFileType = file.xib; path = UserViewController.xib; sourceTree = "<group>"; };
		CB4E570D299BBB6F00BB2E0F /* DetailViewController.swift */ = {isa = PBXFileReference; lastKnownFileType = sourcecode.swift; path = DetailViewController.swift; sourceTree = "<group>"; };
		CB4E570E299BBB6F00BB2E0F /* DetailViewController.xib */ = {isa = PBXFileReference; lastKnownFileType = file.xib; path = DetailViewController.xib; sourceTree = "<group>"; };
		CB4E5713299BBC9A00BB2E0F /* Network.swift */ = {isa = PBXFileReference; lastKnownFileType = sourcecode.swift; path = Network.swift; sourceTree = "<group>"; };
		CB4E5716299BBD1200BB2E0F /* MapViewController.swift */ = {isa = PBXFileReference; lastKnownFileType = sourcecode.swift; path = MapViewController.swift; sourceTree = "<group>"; };
		CB4E5717299BBD1200BB2E0F /* MapViewController.xib */ = {isa = PBXFileReference; lastKnownFileType = file.xib; path = MapViewController.xib; sourceTree = "<group>"; };
		CB4E574129A391C100BB2E0F /* LoginViewController.swift */ = {isa = PBXFileReference; lastKnownFileType = sourcecode.swift; path = LoginViewController.swift; sourceTree = "<group>"; };
		CB4E574229A391C100BB2E0F /* LoginViewController.xib */ = {isa = PBXFileReference; lastKnownFileType = file.xib; path = LoginViewController.xib; sourceTree = "<group>"; };
		CB4E574529A39D1B00BB2E0F /* KeyChain.swift */ = {isa = PBXFileReference; lastKnownFileType = sourcecode.swift; path = KeyChain.swift; sourceTree = "<group>"; };
		CB4E574729A3AD0A00BB2E0F /* LoginViewModel.swift */ = {isa = PBXFileReference; lastKnownFileType = sourcecode.swift; path = LoginViewModel.swift; sourceTree = "<group>"; };
		CB4E574929A4E6C900BB2E0F /* UserViewModel.swift */ = {isa = PBXFileReference; lastKnownFileType = sourcecode.swift; path = UserViewModel.swift; sourceTree = "<group>"; };
		CB4E574B29A4F30400BB2E0F /* CoreData.swift */ = {isa = PBXFileReference; lastKnownFileType = sourcecode.swift; path = CoreData.swift; sourceTree = "<group>"; };
		CB4E575329A5047200BB2E0F /* TableViewModel.swift */ = {isa = PBXFileReference; lastKnownFileType = sourcecode.swift; path = TableViewModel.swift; sourceTree = "<group>"; };
		CB4E575529A505FF00BB2E0F /* Heroe.swift */ = {isa = PBXFileReference; lastKnownFileType = sourcecode.swift; path = Heroe.swift; sourceTree = "<group>"; };
		CB4E575A29A6375400BB2E0F /* HeroeEntity.swift */ = {isa = PBXFileReference; lastKnownFileType = sourcecode.swift; path = HeroeEntity.swift; sourceTree = "<group>"; };
		CB4E575D29A64BAB00BB2E0F /* TableViewCell.swift */ = {isa = PBXFileReference; lastKnownFileType = sourcecode.swift; path = TableViewCell.swift; sourceTree = "<group>"; };
		CB4E575E29A64BAB00BB2E0F /* TableViewCell.xib */ = {isa = PBXFileReference; lastKnownFileType = file.xib; path = TableViewCell.xib; sourceTree = "<group>"; };
		CB4E576629A6753E00BB2E0F /* practica_ios_avanzado 2.xcdatamodel */ = {isa = PBXFileReference; lastKnownFileType = wrapper.xcdatamodel; path = "practica_ios_avanzado 2.xcdatamodel"; sourceTree = "<group>"; };
		CB4E576729A6753E00BB2E0F /* practica_ios_avanzado.xcdatamodel */ = {isa = PBXFileReference; lastKnownFileType = wrapper.xcdatamodel; path = practica_ios_avanzado.xcdatamodel; sourceTree = "<group>"; };
		CB4E576929A79E5B00BB2E0F /* MapViewModel.swift */ = {isa = PBXFileReference; lastKnownFileType = sourcecode.swift; path = MapViewModel.swift; sourceTree = "<group>"; };
		CB4E576B29A7A76E00BB2E0F /* HeroeLocation.swift */ = {isa = PBXFileReference; lastKnownFileType = sourcecode.swift; path = HeroeLocation.swift; sourceTree = "<group>"; };
/* End PBXFileReference section */

/* Begin PBXFrameworksBuildPhase section */
		CB4E56B6299BA63700BB2E0F /* Frameworks */ = {
			isa = PBXFrameworksBuildPhase;
			buildActionMask = 2147483647;
			files = (
				CB3A6A7229A955BA00FA20B0 /* Kingfisher in Frameworks */,
			);
			runOnlyForDeploymentPostprocessing = 0;
		};
		CB4E56CF299BA63900BB2E0F /* Frameworks */ = {
			isa = PBXFrameworksBuildPhase;
			buildActionMask = 2147483647;
			files = (
			);
			runOnlyForDeploymentPostprocessing = 0;
		};
		CB4E56D9299BA63900BB2E0F /* Frameworks */ = {
			isa = PBXFrameworksBuildPhase;
			buildActionMask = 2147483647;
			files = (
			);
			runOnlyForDeploymentPostprocessing = 0;
		};
/* End PBXFrameworksBuildPhase section */

/* Begin PBXGroup section */
		CB3A6A5529A8DC1900FA20B0 /* MapCallout */ = {
			isa = PBXGroup;
			children = (
				CB3A6A6E29A92C4C00FA20B0 /* Callout.swift */,
			);
			path = MapCallout;
			sourceTree = "<group>";
		};
		CB4E56B0299BA63700BB2E0F = {
			isa = PBXGroup;
			children = (
				CB4E576529A6753E00BB2E0F /* practica_ios_avanzado.xcdatamodeld */,
				CB4E56BB299BA63700BB2E0F /* practica-ios-avanzado */,
				CB4E56D5299BA63900BB2E0F /* practica-ios-avanzadoTests */,
				CB4E56DF299BA63900BB2E0F /* practica-ios-avanzadoUITests */,
				CB4E56BA299BA63700BB2E0F /* Products */,
			);
			sourceTree = "<group>";
		};
		CB4E56BA299BA63700BB2E0F /* Products */ = {
			isa = PBXGroup;
			children = (
				CB4E56B9299BA63700BB2E0F /* practica-ios-avanzado.app */,
				CB4E56D2299BA63900BB2E0F /* practica-ios-avanzadoTests.xctest */,
				CB4E56DC299BA63900BB2E0F /* practica-ios-avanzadoUITests.xctest */,
			);
			name = Products;
			sourceTree = "<group>";
		};
		CB4E56BB299BA63700BB2E0F /* practica-ios-avanzado */ = {
			isa = PBXGroup;
			children = (
				CB4E571C299D397300BB2E0F /* ViewModel */,
				CB4E56F9299BAE0200BB2E0F /* Model */,
				CB4E56EF299BA87000BB2E0F /* View */,
				CB4E56BC299BA63700BB2E0F /* AppDelegate.swift */,
				CB4E56BE299BA63700BB2E0F /* SceneDelegate.swift */,
				CB4E5701299BB4C500BB2E0F /* Extensions.swift */,
				CB4E56CA299BA63900BB2E0F /* LaunchScreen.storyboard */,
				CB4E56C8299BA63900BB2E0F /* Assets.xcassets */,
				CB4E56CD299BA63900BB2E0F /* Info.plist */,
			);
			path = "practica-ios-avanzado";
			sourceTree = "<group>";
		};
		CB4E56D5299BA63900BB2E0F /* practica-ios-avanzadoTests */ = {
			isa = PBXGroup;
			children = (
				CB4E56D6299BA63900BB2E0F /* practica_ios_avanzadoTests.swift */,
			);
			path = "practica-ios-avanzadoTests";
			sourceTree = "<group>";
		};
		CB4E56DF299BA63900BB2E0F /* practica-ios-avanzadoUITests */ = {
			isa = PBXGroup;
			children = (
				CB4E56E0299BA63900BB2E0F /* practica_ios_avanzadoUITests.swift */,
				CB4E56E2299BA63900BB2E0F /* practica_ios_avanzadoUITestsLaunchTests.swift */,
			);
			path = "practica-ios-avanzadoUITests";
			sourceTree = "<group>";
		};
		CB4E56EF299BA87000BB2E0F /* View */ = {
			isa = PBXGroup;
			children = (
				CB4E574029A391AC00BB2E0F /* Login */,
				CB4E5715299BBD0400BB2E0F /* Map */,
				CB4E570C299BBB5B00BB2E0F /* DetailView */,
				CB4E5706299BB6A000BB2E0F /* UserView */,
				CB4E5703299BB5EC00BB2E0F /* TapBar */,
				CB4E56F0299BA87900BB2E0F /* TableView */,
			);
			path = View;
			sourceTree = "<group>";
		};
		CB4E56F0299BA87900BB2E0F /* TableView */ = {
			isa = PBXGroup;
			children = (
				CB4E575C29A64B7300BB2E0F /* TableCell */,
				CB4E56F5299BAB6D00BB2E0F /* TableViewController.swift */,
				CB4E56F6299BAB6D00BB2E0F /* TableViewController.xib */,
			);
			path = TableView;
			sourceTree = "<group>";
		};
		CB4E56F9299BAE0200BB2E0F /* Model */ = {
			isa = PBXGroup;
			children = (
				CB4E5712299BBC8400BB2E0F /* Managers */,
				CB4E5711299BBC7A00BB2E0F /* Data */,
			);
			path = Model;
			sourceTree = "<group>";
		};
		CB4E5703299BB5EC00BB2E0F /* TapBar */ = {
			isa = PBXGroup;
			children = (
				CB4E5704299BB61F00BB2E0F /* TabBarController.swift */,
			);
			path = TapBar;
			sourceTree = "<group>";
		};
		CB4E5706299BB6A000BB2E0F /* UserView */ = {
			isa = PBXGroup;
			children = (
				CB4E5708299BB6C200BB2E0F /* UserViewController.swift */,
				CB4E5709299BB6C200BB2E0F /* UserViewController.xib */,
			);
			path = UserView;
			sourceTree = "<group>";
		};
		CB4E570C299BBB5B00BB2E0F /* DetailView */ = {
			isa = PBXGroup;
			children = (
				CB4E570D299BBB6F00BB2E0F /* DetailViewController.swift */,
				CB4E570E299BBB6F00BB2E0F /* DetailViewController.xib */,
			);
			path = DetailView;
			sourceTree = "<group>";
		};
		CB4E5711299BBC7A00BB2E0F /* Data */ = {
			isa = PBXGroup;
			children = (
				CB4E575529A505FF00BB2E0F /* Heroe.swift */,
				CB4E575A29A6375400BB2E0F /* HeroeEntity.swift */,
				CB4E576B29A7A76E00BB2E0F /* HeroeLocation.swift */,
				CB3A6A7329ABDA4500FA20B0 /* Annotation.swift */,
			);
			path = Data;
			sourceTree = "<group>";
		};
		CB4E5712299BBC8400BB2E0F /* Managers */ = {
			isa = PBXGroup;
			children = (
				CB4E5713299BBC9A00BB2E0F /* Network.swift */,
				CB4E574529A39D1B00BB2E0F /* KeyChain.swift */,
				CB4E574B29A4F30400BB2E0F /* CoreData.swift */,
			);
			path = Managers;
			sourceTree = "<group>";
		};
		CB4E5715299BBD0400BB2E0F /* Map */ = {
			isa = PBXGroup;
			children = (
				CB3A6A5529A8DC1900FA20B0 /* MapCallout */,
				CB4E5716299BBD1200BB2E0F /* MapViewController.swift */,
				CB4E5717299BBD1200BB2E0F /* MapViewController.xib */,
			);
			path = Map;
			sourceTree = "<group>";
		};
		CB4E571C299D397300BB2E0F /* ViewModel */ = {
			isa = PBXGroup;
			children = (
				CB4E574729A3AD0A00BB2E0F /* LoginViewModel.swift */,
				CB4E574929A4E6C900BB2E0F /* UserViewModel.swift */,
				CB4E575329A5047200BB2E0F /* TableViewModel.swift */,
				CB4E576929A79E5B00BB2E0F /* MapViewModel.swift */,
			);
			path = ViewModel;
			sourceTree = "<group>";
		};
		CB4E574029A391AC00BB2E0F /* Login */ = {
			isa = PBXGroup;
			children = (
				CB4E574129A391C100BB2E0F /* LoginViewController.swift */,
				CB4E574229A391C100BB2E0F /* LoginViewController.xib */,
			);
			path = Login;
			sourceTree = "<group>";
		};
		CB4E575C29A64B7300BB2E0F /* TableCell */ = {
			isa = PBXGroup;
			children = (
				CB4E575D29A64BAB00BB2E0F /* TableViewCell.swift */,
				CB4E575E29A64BAB00BB2E0F /* TableViewCell.xib */,
			);
			path = TableCell;
			sourceTree = "<group>";
		};
/* End PBXGroup section */

/* Begin PBXNativeTarget section */
		CB4E56B8299BA63700BB2E0F /* practica-ios-avanzado */ = {
			isa = PBXNativeTarget;
			buildConfigurationList = CB4E56E6299BA63900BB2E0F /* Build configuration list for PBXNativeTarget "practica-ios-avanzado" */;
			buildPhases = (
				CB4E56B5299BA63700BB2E0F /* Sources */,
				CB4E56B6299BA63700BB2E0F /* Frameworks */,
				CB4E56B7299BA63700BB2E0F /* Resources */,
			);
			buildRules = (
			);
			dependencies = (
			);
			name = "practica-ios-avanzado";
			packageProductDependencies = (
				CB3A6A7129A955BA00FA20B0 /* Kingfisher */,
			);
			productName = "practica-ios-avanzado";
			productReference = CB4E56B9299BA63700BB2E0F /* practica-ios-avanzado.app */;
			productType = "com.apple.product-type.application";
		};
		CB4E56D1299BA63900BB2E0F /* practica-ios-avanzadoTests */ = {
			isa = PBXNativeTarget;
			buildConfigurationList = CB4E56E9299BA63900BB2E0F /* Build configuration list for PBXNativeTarget "practica-ios-avanzadoTests" */;
			buildPhases = (
				CB4E56CE299BA63900BB2E0F /* Sources */,
				CB4E56CF299BA63900BB2E0F /* Frameworks */,
				CB4E56D0299BA63900BB2E0F /* Resources */,
			);
			buildRules = (
			);
			dependencies = (
				CB4E56D4299BA63900BB2E0F /* PBXTargetDependency */,
			);
			name = "practica-ios-avanzadoTests";
			productName = "practica-ios-avanzadoTests";
			productReference = CB4E56D2299BA63900BB2E0F /* practica-ios-avanzadoTests.xctest */;
			productType = "com.apple.product-type.bundle.unit-test";
		};
		CB4E56DB299BA63900BB2E0F /* practica-ios-avanzadoUITests */ = {
			isa = PBXNativeTarget;
			buildConfigurationList = CB4E56EC299BA63900BB2E0F /* Build configuration list for PBXNativeTarget "practica-ios-avanzadoUITests" */;
			buildPhases = (
				CB4E56D8299BA63900BB2E0F /* Sources */,
				CB4E56D9299BA63900BB2E0F /* Frameworks */,
				CB4E56DA299BA63900BB2E0F /* Resources */,
			);
			buildRules = (
			);
			dependencies = (
				CB4E56DE299BA63900BB2E0F /* PBXTargetDependency */,
			);
			name = "practica-ios-avanzadoUITests";
			productName = "practica-ios-avanzadoUITests";
			productReference = CB4E56DC299BA63900BB2E0F /* practica-ios-avanzadoUITests.xctest */;
			productType = "com.apple.product-type.bundle.ui-testing";
		};
/* End PBXNativeTarget section */

/* Begin PBXProject section */
		CB4E56B1299BA63700BB2E0F /* Project object */ = {
			isa = PBXProject;
			attributes = {
				BuildIndependentTargetsInParallel = 1;
				LastSwiftUpdateCheck = 1420;
				LastUpgradeCheck = 1420;
				TargetAttributes = {
					CB4E56B8299BA63700BB2E0F = {
						CreatedOnToolsVersion = 14.2;
					};
					CB4E56D1299BA63900BB2E0F = {
						CreatedOnToolsVersion = 14.2;
						TestTargetID = CB4E56B8299BA63700BB2E0F;
					};
					CB4E56DB299BA63900BB2E0F = {
						CreatedOnToolsVersion = 14.2;
						TestTargetID = CB4E56B8299BA63700BB2E0F;
					};
				};
			};
			buildConfigurationList = CB4E56B4299BA63700BB2E0F /* Build configuration list for PBXProject "practica-ios-avanzado" */;
			compatibilityVersion = "Xcode 14.0";
			developmentRegion = en;
			hasScannedForEncodings = 0;
			knownRegions = (
				en,
				Base,
			);
			mainGroup = CB4E56B0299BA63700BB2E0F;
			packageReferences = (
				CB3A6A7029A955BA00FA20B0 /* XCRemoteSwiftPackageReference "Kingfisher" */,
			);
			productRefGroup = CB4E56BA299BA63700BB2E0F /* Products */;
			projectDirPath = "";
			projectRoot = "";
			targets = (
				CB4E56B8299BA63700BB2E0F /* practica-ios-avanzado */,
				CB4E56D1299BA63900BB2E0F /* practica-ios-avanzadoTests */,
				CB4E56DB299BA63900BB2E0F /* practica-ios-avanzadoUITests */,
			);
		};
/* End PBXProject section */

/* Begin PBXResourcesBuildPhase section */
		CB4E56B7299BA63700BB2E0F /* Resources */ = {
			isa = PBXResourcesBuildPhase;
			buildActionMask = 2147483647;
			files = (
				CB4E574429A391C100BB2E0F /* LoginViewController.xib in Resources */,
				CB4E56CC299BA63900BB2E0F /* LaunchScreen.storyboard in Resources */,
				CB4E570B299BB6C200BB2E0F /* UserViewController.xib in Resources */,
				CB4E5710299BBB6F00BB2E0F /* DetailViewController.xib in Resources */,
				CB4E5719299BBD1200BB2E0F /* MapViewController.xib in Resources */,
				CB4E576029A64BAB00BB2E0F /* TableViewCell.xib in Resources */,
				CB4E56C9299BA63900BB2E0F /* Assets.xcassets in Resources */,
				CB4E56F8299BAB6D00BB2E0F /* TableViewController.xib in Resources */,
			);
			runOnlyForDeploymentPostprocessing = 0;
		};
		CB4E56D0299BA63900BB2E0F /* Resources */ = {
			isa = PBXResourcesBuildPhase;
			buildActionMask = 2147483647;
			files = (
			);
			runOnlyForDeploymentPostprocessing = 0;
		};
		CB4E56DA299BA63900BB2E0F /* Resources */ = {
			isa = PBXResourcesBuildPhase;
			buildActionMask = 2147483647;
			files = (
			);
			runOnlyForDeploymentPostprocessing = 0;
		};
/* End PBXResourcesBuildPhase section */

/* Begin PBXSourcesBuildPhase section */
		CB4E56B5299BA63700BB2E0F /* Sources */ = {
			isa = PBXSourcesBuildPhase;
			buildActionMask = 2147483647;
			files = (
				CB4E574329A391C100BB2E0F /* LoginViewController.swift in Sources */,
				CB4E576829A6753E00BB2E0F /* practica_ios_avanzado.xcdatamodeld in Sources */,
				CB4E570F299BBB6F00BB2E0F /* DetailViewController.swift in Sources */,
				CB4E5714299BBC9A00BB2E0F /* Network.swift in Sources */,
				CB4E574C29A4F30400BB2E0F /* CoreData.swift in Sources */,
				CB4E575F29A64BAB00BB2E0F /* TableViewCell.swift in Sources */,
				CB4E575629A505FF00BB2E0F /* Heroe.swift in Sources */,
				CB4E574829A3AD0A00BB2E0F /* LoginViewModel.swift in Sources */,
				CB4E576C29A7A76E00BB2E0F /* HeroeLocation.swift in Sources */,
				CB3A6A6F29A92C4C00FA20B0 /* Callout.swift in Sources */,
				CB4E575B29A6375500BB2E0F /* HeroeEntity.swift in Sources */,
				CB4E570A299BB6C200BB2E0F /* UserViewController.swift in Sources */,
				CB4E56BD299BA63700BB2E0F /* AppDelegate.swift in Sources */,
				CB4E576A29A79E5B00BB2E0F /* MapViewModel.swift in Sources */,
				CB4E5718299BBD1200BB2E0F /* MapViewController.swift in Sources */,
				CB4E574629A39D1B00BB2E0F /* KeyChain.swift in Sources */,
				CB4E5705299BB61F00BB2E0F /* TabBarController.swift in Sources */,
				CB4E5702299BB4C500BB2E0F /* Extensions.swift in Sources */,
				CB4E56F7299BAB6D00BB2E0F /* TableViewController.swift in Sources */,
				CB4E575429A5047200BB2E0F /* TableViewModel.swift in Sources */,
				CB4E56BF299BA63700BB2E0F /* SceneDelegate.swift in Sources */,
				CB3A6A7429ABDA4500FA20B0 /* Annotation.swift in Sources */,
				CB4E574A29A4E6C900BB2E0F /* UserViewModel.swift in Sources */,
			);
			runOnlyForDeploymentPostprocessing = 0;
		};
		CB4E56CE299BA63900BB2E0F /* Sources */ = {
			isa = PBXSourcesBuildPhase;
			buildActionMask = 2147483647;
			files = (
				CB4E56D7299BA63900BB2E0F /* practica_ios_avanzadoTests.swift in Sources */,
			);
			runOnlyForDeploymentPostprocessing = 0;
		};
		CB4E56D8299BA63900BB2E0F /* Sources */ = {
			isa = PBXSourcesBuildPhase;
			buildActionMask = 2147483647;
			files = (
				CB4E56E1299BA63900BB2E0F /* practica_ios_avanzadoUITests.swift in Sources */,
				CB4E56E3299BA63900BB2E0F /* practica_ios_avanzadoUITestsLaunchTests.swift in Sources */,
			);
			runOnlyForDeploymentPostprocessing = 0;
		};
/* End PBXSourcesBuildPhase section */

/* Begin PBXTargetDependency section */
		CB4E56D4299BA63900BB2E0F /* PBXTargetDependency */ = {
			isa = PBXTargetDependency;
			target = CB4E56B8299BA63700BB2E0F /* practica-ios-avanzado */;
			targetProxy = CB4E56D3299BA63900BB2E0F /* PBXContainerItemProxy */;
		};
		CB4E56DE299BA63900BB2E0F /* PBXTargetDependency */ = {
			isa = PBXTargetDependency;
			target = CB4E56B8299BA63700BB2E0F /* practica-ios-avanzado */;
			targetProxy = CB4E56DD299BA63900BB2E0F /* PBXContainerItemProxy */;
		};
/* End PBXTargetDependency section */

/* Begin PBXVariantGroup section */
		CB4E56CA299BA63900BB2E0F /* LaunchScreen.storyboard */ = {
			isa = PBXVariantGroup;
			children = (
				CB4E56CB299BA63900BB2E0F /* Base */,
			);
			name = LaunchScreen.storyboard;
			sourceTree = "<group>";
		};
/* End PBXVariantGroup section */

/* Begin XCBuildConfiguration section */
		CB4E56E4299BA63900BB2E0F /* Debug */ = {
			isa = XCBuildConfiguration;
			buildSettings = {
				ALWAYS_SEARCH_USER_PATHS = NO;
				CLANG_ANALYZER_NONNULL = YES;
				CLANG_ANALYZER_NUMBER_OBJECT_CONVERSION = YES_AGGRESSIVE;
				CLANG_CXX_LANGUAGE_STANDARD = "gnu++20";
				CLANG_ENABLE_MODULES = YES;
				CLANG_ENABLE_OBJC_ARC = YES;
				CLANG_ENABLE_OBJC_WEAK = YES;
				CLANG_WARN_BLOCK_CAPTURE_AUTORELEASING = YES;
				CLANG_WARN_BOOL_CONVERSION = YES;
				CLANG_WARN_COMMA = YES;
				CLANG_WARN_CONSTANT_CONVERSION = YES;
				CLANG_WARN_DEPRECATED_OBJC_IMPLEMENTATIONS = YES;
				CLANG_WARN_DIRECT_OBJC_ISA_USAGE = YES_ERROR;
				CLANG_WARN_DOCUMENTATION_COMMENTS = YES;
				CLANG_WARN_EMPTY_BODY = YES;
				CLANG_WARN_ENUM_CONVERSION = YES;
				CLANG_WARN_INFINITE_RECURSION = YES;
				CLANG_WARN_INT_CONVERSION = YES;
				CLANG_WARN_NON_LITERAL_NULL_CONVERSION = YES;
				CLANG_WARN_OBJC_IMPLICIT_RETAIN_SELF = YES;
				CLANG_WARN_OBJC_LITERAL_CONVERSION = YES;
				CLANG_WARN_OBJC_ROOT_CLASS = YES_ERROR;
				CLANG_WARN_QUOTED_INCLUDE_IN_FRAMEWORK_HEADER = YES;
				CLANG_WARN_RANGE_LOOP_ANALYSIS = YES;
				CLANG_WARN_STRICT_PROTOTYPES = YES;
				CLANG_WARN_SUSPICIOUS_MOVE = YES;
				CLANG_WARN_UNGUARDED_AVAILABILITY = YES_AGGRESSIVE;
				CLANG_WARN_UNREACHABLE_CODE = YES;
				CLANG_WARN__DUPLICATE_METHOD_MATCH = YES;
				COPY_PHASE_STRIP = NO;
				DEBUG_INFORMATION_FORMAT = dwarf;
				ENABLE_STRICT_OBJC_MSGSEND = YES;
				ENABLE_TESTABILITY = YES;
				GCC_C_LANGUAGE_STANDARD = gnu11;
				GCC_DYNAMIC_NO_PIC = NO;
				GCC_NO_COMMON_BLOCKS = YES;
				GCC_OPTIMIZATION_LEVEL = 0;
				GCC_PREPROCESSOR_DEFINITIONS = (
					"DEBUG=1",
					"$(inherited)",
				);
				GCC_WARN_64_TO_32_BIT_CONVERSION = YES;
				GCC_WARN_ABOUT_RETURN_TYPE = YES_ERROR;
				GCC_WARN_UNDECLARED_SELECTOR = YES;
				GCC_WARN_UNINITIALIZED_AUTOS = YES_AGGRESSIVE;
				GCC_WARN_UNUSED_FUNCTION = YES;
				GCC_WARN_UNUSED_VARIABLE = YES;
				IPHONEOS_DEPLOYMENT_TARGET = 16.2;
				MTL_ENABLE_DEBUG_INFO = INCLUDE_SOURCE;
				MTL_FAST_MATH = YES;
				ONLY_ACTIVE_ARCH = YES;
				SDKROOT = iphoneos;
				SWIFT_ACTIVE_COMPILATION_CONDITIONS = DEBUG;
				SWIFT_OPTIMIZATION_LEVEL = "-Onone";
			};
			name = Debug;
		};
		CB4E56E5299BA63900BB2E0F /* Release */ = {
			isa = XCBuildConfiguration;
			buildSettings = {
				ALWAYS_SEARCH_USER_PATHS = NO;
				CLANG_ANALYZER_NONNULL = YES;
				CLANG_ANALYZER_NUMBER_OBJECT_CONVERSION = YES_AGGRESSIVE;
				CLANG_CXX_LANGUAGE_STANDARD = "gnu++20";
				CLANG_ENABLE_MODULES = YES;
				CLANG_ENABLE_OBJC_ARC = YES;
				CLANG_ENABLE_OBJC_WEAK = YES;
				CLANG_WARN_BLOCK_CAPTURE_AUTORELEASING = YES;
				CLANG_WARN_BOOL_CONVERSION = YES;
				CLANG_WARN_COMMA = YES;
				CLANG_WARN_CONSTANT_CONVERSION = YES;
				CLANG_WARN_DEPRECATED_OBJC_IMPLEMENTATIONS = YES;
				CLANG_WARN_DIRECT_OBJC_ISA_USAGE = YES_ERROR;
				CLANG_WARN_DOCUMENTATION_COMMENTS = YES;
				CLANG_WARN_EMPTY_BODY = YES;
				CLANG_WARN_ENUM_CONVERSION = YES;
				CLANG_WARN_INFINITE_RECURSION = YES;
				CLANG_WARN_INT_CONVERSION = YES;
				CLANG_WARN_NON_LITERAL_NULL_CONVERSION = YES;
				CLANG_WARN_OBJC_IMPLICIT_RETAIN_SELF = YES;
				CLANG_WARN_OBJC_LITERAL_CONVERSION = YES;
				CLANG_WARN_OBJC_ROOT_CLASS = YES_ERROR;
				CLANG_WARN_QUOTED_INCLUDE_IN_FRAMEWORK_HEADER = YES;
				CLANG_WARN_RANGE_LOOP_ANALYSIS = YES;
				CLANG_WARN_STRICT_PROTOTYPES = YES;
				CLANG_WARN_SUSPICIOUS_MOVE = YES;
				CLANG_WARN_UNGUARDED_AVAILABILITY = YES_AGGRESSIVE;
				CLANG_WARN_UNREACHABLE_CODE = YES;
				CLANG_WARN__DUPLICATE_METHOD_MATCH = YES;
				COPY_PHASE_STRIP = NO;
				DEBUG_INFORMATION_FORMAT = "dwarf-with-dsym";
				ENABLE_NS_ASSERTIONS = NO;
				ENABLE_STRICT_OBJC_MSGSEND = YES;
				GCC_C_LANGUAGE_STANDARD = gnu11;
				GCC_NO_COMMON_BLOCKS = YES;
				GCC_WARN_64_TO_32_BIT_CONVERSION = YES;
				GCC_WARN_ABOUT_RETURN_TYPE = YES_ERROR;
				GCC_WARN_UNDECLARED_SELECTOR = YES;
				GCC_WARN_UNINITIALIZED_AUTOS = YES_AGGRESSIVE;
				GCC_WARN_UNUSED_FUNCTION = YES;
				GCC_WARN_UNUSED_VARIABLE = YES;
				IPHONEOS_DEPLOYMENT_TARGET = 16.2;
				MTL_ENABLE_DEBUG_INFO = NO;
				MTL_FAST_MATH = YES;
				SDKROOT = iphoneos;
				SWIFT_COMPILATION_MODE = wholemodule;
				SWIFT_OPTIMIZATION_LEVEL = "-O";
				VALIDATE_PRODUCT = YES;
			};
			name = Release;
		};
		CB4E56E7299BA63900BB2E0F /* Debug */ = {
			isa = XCBuildConfiguration;
			buildSettings = {
				ASSETCATALOG_COMPILER_APPICON_NAME = AppIcon;
				ASSETCATALOG_COMPILER_GLOBAL_ACCENT_COLOR_NAME = AccentColor;
				CODE_SIGN_STYLE = Automatic;
				CURRENT_PROJECT_VERSION = 1;
				GENERATE_INFOPLIST_FILE = YES;
				INFOPLIST_FILE = "practica-ios-avanzado/Info.plist";
				INFOPLIST_KEY_NSLocationWhenInUseUsageDescription = "Esta app necesita usar tu ubicación";
				INFOPLIST_KEY_UIApplicationSupportsIndirectInputEvents = YES;
				INFOPLIST_KEY_UILaunchStoryboardName = LaunchScreen;
				INFOPLIST_KEY_UISupportedInterfaceOrientations = UIInterfaceOrientationPortrait;
				INFOPLIST_KEY_UISupportedInterfaceOrientations_iPad = "UIInterfaceOrientationLandscapeLeft UIInterfaceOrientationLandscapeRight UIInterfaceOrientationPortrait UIInterfaceOrientationPortraitUpsideDown";
				LD_RUNPATH_SEARCH_PATHS = (
					"$(inherited)",
					"@executable_path/Frameworks",
				);
				MARKETING_VERSION = 1.0;
				PRODUCT_BUNDLE_IDENTIFIER = "pablo-gomez.practica-ios-avanzado";
				PRODUCT_NAME = "$(TARGET_NAME)";
				SWIFT_EMIT_LOC_STRINGS = YES;
				SWIFT_VERSION = 5.0;
				TARGETED_DEVICE_FAMILY = "1,2";
			};
			name = Debug;
		};
		CB4E56E8299BA63900BB2E0F /* Release */ = {
			isa = XCBuildConfiguration;
			buildSettings = {
				ASSETCATALOG_COMPILER_APPICON_NAME = AppIcon;
				ASSETCATALOG_COMPILER_GLOBAL_ACCENT_COLOR_NAME = AccentColor;
				CODE_SIGN_STYLE = Automatic;
				CURRENT_PROJECT_VERSION = 1;
				GENERATE_INFOPLIST_FILE = YES;
				INFOPLIST_FILE = "practica-ios-avanzado/Info.plist";
				INFOPLIST_KEY_NSLocationWhenInUseUsageDescription = "Esta app necesita usar tu ubicación";
				INFOPLIST_KEY_UIApplicationSupportsIndirectInputEvents = YES;
				INFOPLIST_KEY_UILaunchStoryboardName = LaunchScreen;
				INFOPLIST_KEY_UISupportedInterfaceOrientations = UIInterfaceOrientationPortrait;
				INFOPLIST_KEY_UISupportedInterfaceOrientations_iPad = "UIInterfaceOrientationLandscapeLeft UIInterfaceOrientationLandscapeRight UIInterfaceOrientationPortrait UIInterfaceOrientationPortraitUpsideDown";
				LD_RUNPATH_SEARCH_PATHS = (
					"$(inherited)",
					"@executable_path/Frameworks",
				);
				MARKETING_VERSION = 1.0;
				PRODUCT_BUNDLE_IDENTIFIER = "pablo-gomez.practica-ios-avanzado";
				PRODUCT_NAME = "$(TARGET_NAME)";
				SWIFT_EMIT_LOC_STRINGS = YES;
				SWIFT_VERSION = 5.0;
				TARGETED_DEVICE_FAMILY = "1,2";
			};
			name = Release;
		};
		CB4E56EA299BA63900BB2E0F /* Debug */ = {
			isa = XCBuildConfiguration;
			buildSettings = {
				ALWAYS_EMBED_SWIFT_STANDARD_LIBRARIES = YES;
				BUNDLE_LOADER = "$(TEST_HOST)";
				CODE_SIGN_STYLE = Automatic;
				CURRENT_PROJECT_VERSION = 1;
				GENERATE_INFOPLIST_FILE = YES;
				IPHONEOS_DEPLOYMENT_TARGET = 16.2;
				MARKETING_VERSION = 1.0;
				PRODUCT_BUNDLE_IDENTIFIER = "pablo-gomez.practica-ios-avanzadoTests";
				PRODUCT_NAME = "$(TARGET_NAME)";
				SWIFT_EMIT_LOC_STRINGS = NO;
				SWIFT_VERSION = 5.0;
				TARGETED_DEVICE_FAMILY = "1,2";
				TEST_HOST = "$(BUILT_PRODUCTS_DIR)/practica-ios-avanzado.app/$(BUNDLE_EXECUTABLE_FOLDER_PATH)/practica-ios-avanzado";
			};
			name = Debug;
		};
		CB4E56EB299BA63900BB2E0F /* Release */ = {
			isa = XCBuildConfiguration;
			buildSettings = {
				ALWAYS_EMBED_SWIFT_STANDARD_LIBRARIES = YES;
				BUNDLE_LOADER = "$(TEST_HOST)";
				CODE_SIGN_STYLE = Automatic;
				CURRENT_PROJECT_VERSION = 1;
				GENERATE_INFOPLIST_FILE = YES;
				IPHONEOS_DEPLOYMENT_TARGET = 16.2;
				MARKETING_VERSION = 1.0;
				PRODUCT_BUNDLE_IDENTIFIER = "pablo-gomez.practica-ios-avanzadoTests";
				PRODUCT_NAME = "$(TARGET_NAME)";
				SWIFT_EMIT_LOC_STRINGS = NO;
				SWIFT_VERSION = 5.0;
				TARGETED_DEVICE_FAMILY = "1,2";
				TEST_HOST = "$(BUILT_PRODUCTS_DIR)/practica-ios-avanzado.app/$(BUNDLE_EXECUTABLE_FOLDER_PATH)/practica-ios-avanzado";
			};
			name = Release;
		};
		CB4E56ED299BA63900BB2E0F /* Debug */ = {
			isa = XCBuildConfiguration;
			buildSettings = {
				ALWAYS_EMBED_SWIFT_STANDARD_LIBRARIES = YES;
				CODE_SIGN_STYLE = Automatic;
				CURRENT_PROJECT_VERSION = 1;
				GENERATE_INFOPLIST_FILE = YES;
				MARKETING_VERSION = 1.0;
				PRODUCT_BUNDLE_IDENTIFIER = "pablo-gomez.practica-ios-avanzadoUITests";
				PRODUCT_NAME = "$(TARGET_NAME)";
				SWIFT_EMIT_LOC_STRINGS = NO;
				SWIFT_VERSION = 5.0;
				TARGETED_DEVICE_FAMILY = "1,2";
				TEST_TARGET_NAME = "practica-ios-avanzado";
			};
			name = Debug;
		};
		CB4E56EE299BA63900BB2E0F /* Release */ = {
			isa = XCBuildConfiguration;
			buildSettings = {
				ALWAYS_EMBED_SWIFT_STANDARD_LIBRARIES = YES;
				CODE_SIGN_STYLE = Automatic;
				CURRENT_PROJECT_VERSION = 1;
				GENERATE_INFOPLIST_FILE = YES;
				MARKETING_VERSION = 1.0;
				PRODUCT_BUNDLE_IDENTIFIER = "pablo-gomez.practica-ios-avanzadoUITests";
				PRODUCT_NAME = "$(TARGET_NAME)";
				SWIFT_EMIT_LOC_STRINGS = NO;
				SWIFT_VERSION = 5.0;
				TARGETED_DEVICE_FAMILY = "1,2";
				TEST_TARGET_NAME = "practica-ios-avanzado";
			};
			name = Release;
		};
/* End XCBuildConfiguration section */

/* Begin XCConfigurationList section */
		CB4E56B4299BA63700BB2E0F /* Build configuration list for PBXProject "practica-ios-avanzado" */ = {
			isa = XCConfigurationList;
			buildConfigurations = (
				CB4E56E4299BA63900BB2E0F /* Debug */,
				CB4E56E5299BA63900BB2E0F /* Release */,
			);
			defaultConfigurationIsVisible = 0;
			defaultConfigurationName = Release;
		};
		CB4E56E6299BA63900BB2E0F /* Build configuration list for PBXNativeTarget "practica-ios-avanzado" */ = {
			isa = XCConfigurationList;
			buildConfigurations = (
				CB4E56E7299BA63900BB2E0F /* Debug */,
				CB4E56E8299BA63900BB2E0F /* Release */,
			);
			defaultConfigurationIsVisible = 0;
			defaultConfigurationName = Release;
		};
		CB4E56E9299BA63900BB2E0F /* Build configuration list for PBXNativeTarget "practica-ios-avanzadoTests" */ = {
			isa = XCConfigurationList;
			buildConfigurations = (
				CB4E56EA299BA63900BB2E0F /* Debug */,
				CB4E56EB299BA63900BB2E0F /* Release */,
			);
			defaultConfigurationIsVisible = 0;
			defaultConfigurationName = Release;
		};
		CB4E56EC299BA63900BB2E0F /* Build configuration list for PBXNativeTarget "practica-ios-avanzadoUITests" */ = {
			isa = XCConfigurationList;
			buildConfigurations = (
				CB4E56ED299BA63900BB2E0F /* Debug */,
				CB4E56EE299BA63900BB2E0F /* Release */,
			);
			defaultConfigurationIsVisible = 0;
			defaultConfigurationName = Release;
		};
/* End XCConfigurationList section */

/* Begin XCRemoteSwiftPackageReference section */
		CB3A6A7029A955BA00FA20B0 /* XCRemoteSwiftPackageReference "Kingfisher" */ = {
			isa = XCRemoteSwiftPackageReference;
			repositoryURL = "https://github.com/onevcat/Kingfisher.git";
			requirement = {
				branch = master;
				kind = branch;
			};
		};
/* End XCRemoteSwiftPackageReference section */

/* Begin XCSwiftPackageProductDependency section */
		CB3A6A7129A955BA00FA20B0 /* Kingfisher */ = {
			isa = XCSwiftPackageProductDependency;
			package = CB3A6A7029A955BA00FA20B0 /* XCRemoteSwiftPackageReference "Kingfisher" */;
			productName = Kingfisher;
		};
/* End XCSwiftPackageProductDependency section */

/* Begin XCVersionGroup section */
		CB4E576529A6753E00BB2E0F /* practica_ios_avanzado.xcdatamodeld */ = {
			isa = XCVersionGroup;
			children = (
				CB4E576629A6753E00BB2E0F /* practica_ios_avanzado 2.xcdatamodel */,
				CB4E576729A6753E00BB2E0F /* practica_ios_avanzado.xcdatamodel */,
			);
			currentVersion = CB4E576729A6753E00BB2E0F /* practica_ios_avanzado.xcdatamodel */;
			path = practica_ios_avanzado.xcdatamodeld;
			sourceTree = "<group>";
			versionGroupType = wrapper.xcdatamodel;
		};
/* End XCVersionGroup section */
	};
	rootObject = CB4E56B1299BA63700BB2E0F /* Project object */;
}
